dependencies:
- name: kube-prometheus-stack
  repository: https://prometheus-community.github.io/helm-charts
  version: 51.0.3
- name: loki-stack
  repository: https://grafana.github.io/helm-charts
  version: 2.8.9
- name: pyroscope
  repository: https://grafana.github.io/helm-charts
  version: 1.14.2
- name: alloy
  repository: https://grafana.github.io/helm-charts
  version: 1.3.1
- name: tempo
  repository: https://grafana.github.io/helm-charts
  version: 1.23.3
digest: sha256:c509f1736d79b57ac4e9be1f44b22e910535fbfd53c6f3d93fa7816dee29a553
generated: "2025-11-27T12:19:27.820199-03:00"
