dependencies:
- name: kube-prometheus-stack
  repository: https://prometheus-community.github.io/helm-charts
  version: 51.0.3
- name: loki-stack
  repository: https://grafana.github.io/helm-charts
  version: 2.8.9
digest: sha256:da3a8808fb9479bdd183b307e70d7855794739cafc1796047bde8febc78d539c
generated: "2023-11-30T17:19:14.544457977Z"
