dependencies:
- name: kube-prometheus-stack
  repository: https://prometheus-community.github.io/helm-charts
  version: 51.0.3
- name: loki-stack
  repository: https://grafana.github.io/helm-charts
  version: 2.8.9
- name: pyroscope
  repository: https://grafana.github.io/helm-charts
  version: 1.14.2
digest: sha256:7fe611b57ddb6d72aa31bac87568fdb8e531e988e2ce4067b931d3026332f027
generated: "2025-09-01T16:56:59.19795-03:00"
